{
  "name": "loa",
  "lockfileVersion": 3,
  "requires": true,
  "packages": {
    "": {
      "dependencies": {
        "jqueryui": "^1.11.1",
        "smart-webcomponents": "^19.0.8"
      }
    },
    "node_modules/jqueryui": {
      "version": "1.11.1",
      "resolved": "https://registry.npmjs.org/jqueryui/-/jqueryui-1.11.1.tgz",
      "integrity": "sha512-w3k80seYwcirTMG7fhd1MfqYx2dMO9fEi+I0vUN5hbX5+y7YIWySJkFsCBj4UBNuFcYOfUk6I63sUG/hCawdZA=="
    },
    "node_modules/smart-webcomponents": {
      "version": "19.0.8",
      "resolved": "https://registry.npmjs.org/smart-webcomponents/-/smart-webcomponents-19.0.8.tgz",
      "integrity": "sha512-DKEEDjAVHfrUjMi/jz5V8LmxUe9uqmTzum8uvrbDlvSFCQNVakWb4rc4Yu6vzHus7m3f8zD2LHDBJcvmNubJ4Q=="
    }
  }
}
