{
  "name": "relock-npm-lock-v2-7Ejzg3",
  "lockfileVersion": 3,
  "requires": true,
  "packages": {
    "": {
      "dependencies": {
        "overlayscrollbars": "^2.12.0"
      }
    },
    "node_modules/overlayscrollbars": {
      "version": "2.12.0",
      "resolved": "https://registry.npmjs.org/overlayscrollbars/-/overlayscrollbars-2.12.0.tgz",
      "integrity": "sha512-mWJ5MOkcZ/ljHwfLw8+bN0V9ziGCoNoqULcp994j5DTGNQvnkWKWkA7rnO29Kyew5AoHxUnJ4Ndqfcl0HSQjXg==",
      "license": "MIT"
    }
  }
}
