{
  "name": "relock-npm-lock-v2-VpchtB",
  "lockfileVersion": 3,
  "requires": true,
  "packages": {
    "": {
      "dependencies": {
        "overlayscrollbars": "^2.13.0"
      }
    },
    "node_modules/overlayscrollbars": {
      "version": "2.13.0",
      "resolved": "https://registry.npmjs.org/overlayscrollbars/-/overlayscrollbars-2.13.0.tgz",
      "integrity": "sha512-uQGpLESrbFDLTWucWAKX9ceIANj7detMwH/2yJ315Llt72ZcWN3P6ckMotoqVv2Mk29R/pnhDtgYjy4K+kwAyQ==",
      "license": "MIT"
    }
  }
}
